
Microsoft Visual Studio Solution File, Format Version 12.00
# Visual Studio 15
VisualStudioVersion = 15.0.28307.421
MinimumVisualStudioVersion = 10.0.40219.1
Project("{9A19103F-16F7-4668-BE54-9A1E7A4F7556}") = "SchoolDatabase.UWP.consoleApp", "SchoolDatabase.UWP.consoleApp\SchoolDatabase.UWP.consoleApp.csproj", "{D857DEBF-9103-46EA-96AC-197869C6521E}"
EndProject
Project("{9A19103F-16F7-4668-BE54-9A1E7A4F7556}") = "SchoolDatabase.UWP.Model", "SchoolDatabase.UWP.Model\SchoolDatabase.UWP.Model.csproj", "{9EC2C000-D5B6-4C24-A590-D79AA38F486A}"
EndProject
Project("{9A19103F-16F7-4668-BE54-9A1E7A4F7556}") = "SchoolDatabase.UWP.DataAccess", "SchoolDatabase.UWP.DataAccess\SchoolDatabase.UWP.DataAccess.csproj", "{96758740-A5D1-49D6-9AE5-984DCFAC3CB4}"
EndProject
Project("{9A19103F-16F7-4668-BE54-9A1E7A4F7556}") = "SchoolDatabase.UWP.Api", "SchoolDatabase.UWP.Api\SchoolDatabase.UWP.Api.csproj", "{2BAF45C8-73E5-4F87-A3DB-D84BD6295600}"
EndProject
Project("{FAE04EC0-301F-11D3-BF4B-00C04F79EFBC}") = "SchoolApplication", "SchoolApplication\SchoolApplication.csproj", "{C014666F-BAC5-4C99-8194-D3108DE22FA7}"
EndProject
Project("{9A19103F-16F7-4668-BE54-9A1E7A4F7556}") = "SchoolApplication.Core", "SchoolApplication.Core\SchoolApplication.Core.csproj", "{24F90F1D-592D-41D0-AEE2-059B39F1F2AE}"
EndProject
Global
	GlobalSection(SolutionConfigurationPlatforms) = preSolution
		Debug|Any CPU = Debug|Any CPU
		Debug|ARM = Debug|ARM
		Debug|ARM64 = Debug|ARM64
		Debug|x64 = Debug|x64
		Debug|x86 = Debug|x86
		Release|Any CPU = Release|Any CPU
		Release|ARM = Release|ARM
		Release|ARM64 = Release|ARM64
		Release|x64 = Release|x64
		Release|x86 = Release|x86
	EndGlobalSection
	GlobalSection(ProjectConfigurationPlatforms) = postSolution
		{D857DEBF-9103-46EA-96AC-197869C6521E}.Debug|Any CPU.ActiveCfg = Debug|Any CPU
		{D857DEBF-9103-46EA-96AC-197869C6521E}.Debug|Any CPU.Build.0 = Debug|Any CPU
		{D857DEBF-9103-46EA-96AC-197869C6521E}.Debug|ARM.ActiveCfg = Debug|Any CPU
		{D857DEBF-9103-46EA-96AC-197869C6521E}.Debug|ARM.Build.0 = Debug|Any CPU
		{D857DEBF-9103-46EA-96AC-197869C6521E}.Debug|ARM64.ActiveCfg = Debug|Any CPU
		{D857DEBF-9103-46EA-96AC-197869C6521E}.Debug|ARM64.Build.0 = Debug|Any CPU
		{D857DEBF-9103-46EA-96AC-197869C6521E}.Debug|x64.ActiveCfg = Debug|Any CPU
		{D857DEBF-9103-46EA-96AC-197869C6521E}.Debug|x64.Build.0 = Debug|Any CPU
		{D857DEBF-9103-46EA-96AC-197869C6521E}.Debug|x86.ActiveCfg = Debug|Any CPU
		{D857DEBF-9103-46EA-96AC-197869C6521E}.Debug|x86.Build.0 = Debug|Any CPU
		{D857DEBF-9103-46EA-96AC-197869C6521E}.Release|Any CPU.ActiveCfg = Release|Any CPU
		{D857DEBF-9103-46EA-96AC-197869C6521E}.Release|Any CPU.Build.0 = Release|Any CPU
		{D857DEBF-9103-46EA-96AC-197869C6521E}.Release|ARM.ActiveCfg = Release|Any CPU
		{D857DEBF-9103-46EA-96AC-197869C6521E}.Release|ARM.Build.0 = Release|Any CPU
		{D857DEBF-9103-46EA-96AC-197869C6521E}.Release|ARM64.ActiveCfg = Release|Any CPU
		{D857DEBF-9103-46EA-96AC-197869C6521E}.Release|ARM64.Build.0 = Release|Any CPU
		{D857DEBF-9103-46EA-96AC-197869C6521E}.Release|x64.ActiveCfg = Release|Any CPU
		{D857DEBF-9103-46EA-96AC-197869C6521E}.Release|x64.Build.0 = Release|Any CPU
		{D857DEBF-9103-46EA-96AC-197869C6521E}.Release|x86.ActiveCfg = Release|Any CPU
		{D857DEBF-9103-46EA-96AC-197869C6521E}.Release|x86.Build.0 = Release|Any CPU
		{9EC2C000-D5B6-4C24-A590-D79AA38F486A}.Debug|Any CPU.ActiveCfg = Debug|Any CPU
		{9EC2C000-D5B6-4C24-A590-D79AA38F486A}.Debug|Any CPU.Build.0 = Debug|Any CPU
		{9EC2C000-D5B6-4C24-A590-D79AA38F486A}.Debug|ARM.ActiveCfg = Debug|Any CPU
		{9EC2C000-D5B6-4C24-A590-D79AA38F486A}.Debug|ARM.Build.0 = Debug|Any CPU
		{9EC2C000-D5B6-4C24-A590-D79AA38F486A}.Debug|ARM64.ActiveCfg = Debug|Any CPU
		{9EC2C000-D5B6-4C24-A590-D79AA38F486A}.Debug|ARM64.Build.0 = Debug|Any CPU
		{9EC2C000-D5B6-4C24-A590-D79AA38F486A}.Debug|x64.ActiveCfg = Debug|Any CPU
		{9EC2C000-D5B6-4C24-A590-D79AA38F486A}.Debug|x64.Build.0 = Debug|Any CPU
		{9EC2C000-D5B6-4C24-A590-D79AA38F486A}.Debug|x86.ActiveCfg = Debug|Any CPU
		{9EC2C000-D5B6-4C24-A590-D79AA38F486A}.Debug|x86.Build.0 = Debug|Any CPU
		{9EC2C000-D5B6-4C24-A590-D79AA38F486A}.Release|Any CPU.ActiveCfg = Release|Any CPU
		{9EC2C000-D5B6-4C24-A590-D79AA38F486A}.Release|Any CPU.Build.0 = Release|Any CPU
		{9EC2C000-D5B6-4C24-A590-D79AA38F486A}.Release|ARM.ActiveCfg = Release|Any CPU
		{9EC2C000-D5B6-4C24-A590-D79AA38F486A}.Release|ARM.Build.0 = Release|Any CPU
		{9EC2C000-D5B6-4C24-A590-D79AA38F486A}.Release|ARM64.ActiveCfg = Release|Any CPU
		{9EC2C000-D5B6-4C24-A590-D79AA38F486A}.Release|ARM64.Build.0 = Release|Any CPU
		{9EC2C000-D5B6-4C24-A590-D79AA38F486A}.Release|x64.ActiveCfg = Release|Any CPU
		{9EC2C000-D5B6-4C24-A590-D79AA38F486A}.Release|x64.Build.0 = Release|Any CPU
		{9EC2C000-D5B6-4C24-A590-D79AA38F486A}.Release|x86.ActiveCfg = Release|Any CPU
		{9EC2C000-D5B6-4C24-A590-D79AA38F486A}.Release|x86.Build.0 = Release|Any CPU
		{96758740-A5D1-49D6-9AE5-984DCFAC3CB4}.Debug|Any CPU.ActiveCfg = Debug|Any CPU
		{96758740-A5D1-49D6-9AE5-984DCFAC3CB4}.Debug|Any CPU.Build.0 = Debug|Any CPU
		{96758740-A5D1-49D6-9AE5-984DCFAC3CB4}.Debug|ARM.ActiveCfg = Debug|Any CPU
		{96758740-A5D1-49D6-9AE5-984DCFAC3CB4}.Debug|ARM.Build.0 = Debug|Any CPU
		{96758740-A5D1-49D6-9AE5-984DCFAC3CB4}.Debug|ARM64.ActiveCfg = Debug|Any CPU
		{96758740-A5D1-49D6-9AE5-984DCFAC3CB4}.Debug|ARM64.Build.0 = Debug|Any CPU
		{96758740-A5D1-49D6-9AE5-984DCFAC3CB4}.Debug|x64.ActiveCfg = Debug|Any CPU
		{96758740-A5D1-49D6-9AE5-984DCFAC3CB4}.Debug|x64.Build.0 = Debug|Any CPU
		{96758740-A5D1-49D6-9AE5-984DCFAC3CB4}.Debug|x86.ActiveCfg = Debug|Any CPU
		{96758740-A5D1-49D6-9AE5-984DCFAC3CB4}.Debug|x86.Build.0 = Debug|Any CPU
		{96758740-A5D1-49D6-9AE5-984DCFAC3CB4}.Release|Any CPU.ActiveCfg = Release|Any CPU
		{96758740-A5D1-49D6-9AE5-984DCFAC3CB4}.Release|Any CPU.Build.0 = Release|Any CPU
		{96758740-A5D1-49D6-9AE5-984DCFAC3CB4}.Release|ARM.ActiveCfg = Release|Any CPU
		{96758740-A5D1-49D6-9AE5-984DCFAC3CB4}.Release|ARM.Build.0 = Release|Any CPU
		{96758740-A5D1-49D6-9AE5-984DCFAC3CB4}.Release|ARM64.ActiveCfg = Release|Any CPU
		{96758740-A5D1-49D6-9AE5-984DCFAC3CB4}.Release|ARM64.Build.0 = Release|Any CPU
		{96758740-A5D1-49D6-9AE5-984DCFAC3CB4}.Release|x64.ActiveCfg = Release|Any CPU
		{96758740-A5D1-49D6-9AE5-984DCFAC3CB4}.Release|x64.Build.0 = Release|Any CPU
		{96758740-A5D1-49D6-9AE5-984DCFAC3CB4}.Release|x86.ActiveCfg = Release|Any CPU
		{96758740-A5D1-49D6-9AE5-984DCFAC3CB4}.Release|x86.Build.0 = Release|Any CPU
		{2BAF45C8-73E5-4F87-A3DB-D84BD6295600}.Debug|Any CPU.ActiveCfg = Debug|Any CPU
		{2BAF45C8-73E5-4F87-A3DB-D84BD6295600}.Debug|Any CPU.Build.0 = Debug|Any CPU
		{2BAF45C8-73E5-4F87-A3DB-D84BD6295600}.Debug|ARM.ActiveCfg = Debug|Any CPU
		{2BAF45C8-73E5-4F87-A3DB-D84BD6295600}.Debug|ARM.Build.0 = Debug|Any CPU
		{2BAF45C8-73E5-4F87-A3DB-D84BD6295600}.Debug|ARM64.ActiveCfg = Debug|Any CPU
		{2BAF45C8-73E5-4F87-A3DB-D84BD6295600}.Debug|ARM64.Build.0 = Debug|Any CPU
		{2BAF45C8-73E5-4F87-A3DB-D84BD6295600}.Debug|x64.ActiveCfg = Debug|Any CPU
		{2BAF45C8-73E5-4F87-A3DB-D84BD6295600}.Debug|x64.Build.0 = Debug|Any CPU
		{2BAF45C8-73E5-4F87-A3DB-D84BD6295600}.Debug|x86.ActiveCfg = Debug|Any CPU
		{2BAF45C8-73E5-4F87-A3DB-D84BD6295600}.Debug|x86.Build.0 = Debug|Any CPU
		{2BAF45C8-73E5-4F87-A3DB-D84BD6295600}.Release|Any CPU.ActiveCfg = Release|Any CPU
		{2BAF45C8-73E5-4F87-A3DB-D84BD6295600}.Release|Any CPU.Build.0 = Release|Any CPU
		{2BAF45C8-73E5-4F87-A3DB-D84BD6295600}.Release|ARM.ActiveCfg = Release|Any CPU
		{2BAF45C8-73E5-4F87-A3DB-D84BD6295600}.Release|ARM.Build.0 = Release|Any CPU
		{2BAF45C8-73E5-4F87-A3DB-D84BD6295600}.Release|ARM64.ActiveCfg = Release|Any CPU
		{2BAF45C8-73E5-4F87-A3DB-D84BD6295600}.Release|ARM64.Build.0 = Release|Any CPU
		{2BAF45C8-73E5-4F87-A3DB-D84BD6295600}.Release|x64.ActiveCfg = Release|Any CPU
		{2BAF45C8-73E5-4F87-A3DB-D84BD6295600}.Release|x64.Build.0 = Release|Any CPU
		{2BAF45C8-73E5-4F87-A3DB-D84BD6295600}.Release|x86.ActiveCfg = Release|Any CPU
		{2BAF45C8-73E5-4F87-A3DB-D84BD6295600}.Release|x86.Build.0 = Release|Any CPU
		{C014666F-BAC5-4C99-8194-D3108DE22FA7}.Debug|Any CPU.ActiveCfg = Debug|x86
		{C014666F-BAC5-4C99-8194-D3108DE22FA7}.Debug|ARM.ActiveCfg = Debug|ARM
		{C014666F-BAC5-4C99-8194-D3108DE22FA7}.Debug|ARM.Build.0 = Debug|ARM
		{C014666F-BAC5-4C99-8194-D3108DE22FA7}.Debug|ARM.Deploy.0 = Debug|ARM
		{C014666F-BAC5-4C99-8194-D3108DE22FA7}.Debug|ARM64.ActiveCfg = Debug|x86
		{C014666F-BAC5-4C99-8194-D3108DE22FA7}.Debug|x64.ActiveCfg = Debug|x64
		{C014666F-BAC5-4C99-8194-D3108DE22FA7}.Debug|x64.Build.0 = Debug|x64
		{C014666F-BAC5-4C99-8194-D3108DE22FA7}.Debug|x64.Deploy.0 = Debug|x64
		{C014666F-BAC5-4C99-8194-D3108DE22FA7}.Debug|x86.ActiveCfg = Debug|x86
		{C014666F-BAC5-4C99-8194-D3108DE22FA7}.Debug|x86.Build.0 = Debug|x86
		{C014666F-BAC5-4C99-8194-D3108DE22FA7}.Debug|x86.Deploy.0 = Debug|x86
		{C014666F-BAC5-4C99-8194-D3108DE22FA7}.Release|Any CPU.ActiveCfg = Release|x86
		{C014666F-BAC5-4C99-8194-D3108DE22FA7}.Release|ARM.ActiveCfg = Release|ARM
		{C014666F-BAC5-4C99-8194-D3108DE22FA7}.Release|ARM.Build.0 = Release|ARM
		{C014666F-BAC5-4C99-8194-D3108DE22FA7}.Release|ARM.Deploy.0 = Release|ARM
		{C014666F-BAC5-4C99-8194-D3108DE22FA7}.Release|ARM64.ActiveCfg = Release|x86
		{C014666F-BAC5-4C99-8194-D3108DE22FA7}.Release|x64.ActiveCfg = Release|x64
		{C014666F-BAC5-4C99-8194-D3108DE22FA7}.Release|x64.Build.0 = Release|x64
		{C014666F-BAC5-4C99-8194-D3108DE22FA7}.Release|x64.Deploy.0 = Release|x64
		{C014666F-BAC5-4C99-8194-D3108DE22FA7}.Release|x86.ActiveCfg = Release|x86
		{C014666F-BAC5-4C99-8194-D3108DE22FA7}.Release|x86.Build.0 = Release|x86
		{C014666F-BAC5-4C99-8194-D3108DE22FA7}.Release|x86.Deploy.0 = Release|x86
		{24F90F1D-592D-41D0-AEE2-059B39F1F2AE}.Debug|Any CPU.ActiveCfg = Debug|Any CPU
		{24F90F1D-592D-41D0-AEE2-059B39F1F2AE}.Debug|Any CPU.Build.0 = Debug|Any CPU
		{24F90F1D-592D-41D0-AEE2-059B39F1F2AE}.Debug|ARM.ActiveCfg = Debug|Any CPU
		{24F90F1D-592D-41D0-AEE2-059B39F1F2AE}.Debug|ARM.Build.0 = Debug|Any CPU
		{24F90F1D-592D-41D0-AEE2-059B39F1F2AE}.Debug|ARM64.ActiveCfg = Debug|Any CPU
		{24F90F1D-592D-41D0-AEE2-059B39F1F2AE}.Debug|ARM64.Build.0 = Debug|Any CPU
		{24F90F1D-592D-41D0-AEE2-059B39F1F2AE}.Debug|x64.ActiveCfg = Debug|Any CPU
		{24F90F1D-592D-41D0-AEE2-059B39F1F2AE}.Debug|x64.Build.0 = Debug|Any CPU
		{24F90F1D-592D-41D0-AEE2-059B39F1F2AE}.Debug|x86.ActiveCfg = Debug|Any CPU
		{24F90F1D-592D-41D0-AEE2-059B39F1F2AE}.Debug|x86.Build.0 = Debug|Any CPU
		{24F90F1D-592D-41D0-AEE2-059B39F1F2AE}.Release|Any CPU.ActiveCfg = Release|Any CPU
		{24F90F1D-592D-41D0-AEE2-059B39F1F2AE}.Release|Any CPU.Build.0 = Release|Any CPU
		{24F90F1D-592D-41D0-AEE2-059B39F1F2AE}.Release|ARM.ActiveCfg = Release|Any CPU
		{24F90F1D-592D-41D0-AEE2-059B39F1F2AE}.Release|ARM.Build.0 = Release|Any CPU
		{24F90F1D-592D-41D0-AEE2-059B39F1F2AE}.Release|ARM64.ActiveCfg = Release|Any CPU
		{24F90F1D-592D-41D0-AEE2-059B39F1F2AE}.Release|ARM64.Build.0 = Release|Any CPU
		{24F90F1D-592D-41D0-AEE2-059B39F1F2AE}.Release|x64.ActiveCfg = Release|Any CPU
		{24F90F1D-592D-41D0-AEE2-059B39F1F2AE}.Release|x64.Build.0 = Release|Any CPU
		{24F90F1D-592D-41D0-AEE2-059B39F1F2AE}.Release|x86.ActiveCfg = Release|Any CPU
		{24F90F1D-592D-41D0-AEE2-059B39F1F2AE}.Release|x86.Build.0 = Release|Any CPU
	EndGlobalSection
	GlobalSection(SolutionProperties) = preSolution
		HideSolutionNode = FALSE
	EndGlobalSection
	GlobalSection(ExtensibilityGlobals) = postSolution
		SolutionGuid = {ED074C9A-675D-41E9-9077-7E25D3F030B2}
	EndGlobalSection
EndGlobal
